// !$*UTF8*$!
{
	archiveVersion = 1;
	classes = {
	};
	objectVersion = 48;
	objects = {

/* Begin PBXBuildFile section */
		FFE8B8B71FA1D55900DE36DF /* AppDelegate.swift in Sources */ = {isa = PBXBuildFile; fileRef = FFE8B8B61FA1D55900DE36DF /* AppDelegate.swift */; };
		FFE8B8B91FA1D55900DE36DF /* ViewController.swift in Sources */ = {isa = PBXBuildFile; fileRef = FFE8B8B81FA1D55900DE36DF /* ViewController.swift */; };
		FFE8B8BC1FA1D55900DE36DF /* Main.storyboard in Resources */ = {isa = PBXBuildFile; fileRef = FFE8B8BA1FA1D55900DE36DF /* Main.storyboard */; };
		FFE8B8BE1FA1D55900DE36DF /* Assets.xcassets in Resources */ = {isa = PBXBuildFile; fileRef = FFE8B8BD1FA1D55900DE36DF /* Assets.xcassets */; };
		FFE8B8C11FA1D55900DE36DF /* LaunchScreen.storyboard in Resources */ = {isa = PBXBuildFile; fileRef = FFE8B8BF1FA1D55900DE36DF /* LaunchScreen.storyboard */; };
/* End PBXBuildFile section */

/* Begin PBXFileReference section */
		FFE8B8B31FA1D55900DE36DF /* TestDispatch.app */ = {isa = PBXFileReference; explicitFileType = wrapper.application; includeInIndex = 0; path = TestDispatch.app; sourceTree = BUILT_PRODUCTS_DIR; };
		FFE8B8B61FA1D55900DE36DF /* AppDelegate.swift */ = {isa = PBXFileReference; lastKnownFileType = sourcecode.swift; path = AppDelegate.swift; sourceTree = "<group>"; };
		FFE8B8B81FA1D55900DE36DF /* ViewController.swift */ = {isa = PBXFileReference; lastKnownFileType = sourcecode.swift; path = ViewController.swift; sourceTree = "<group>"; };
		FFE8B8BB1FA1D55900DE36DF /* Base */ = {isa = PBXFileReference; lastKnownFileType = file.storyboard; name = Base; path = Base.lproj/Main.storyboard; sourceTree = "<group>"; };
		FFE8B8BD1FA1D55900DE36DF /* Assets.xcassets */ = {isa = PBXFileReference; lastKnownFileType = folder.assetcatalog; path = Assets.xcassets; sourceTree = "<group>"; };
		FFE8B8C01FA1D55900DE36DF /* Base */ = {isa = PBXFileReference; lastKnownFileType = file.storyboard; name = Base; path = Base.lproj/LaunchScreen.storyboard; sourceTree = "<group>"; };
		FFE8B8C21FA1D55900DE36DF /* Info.plist */ = {isa = PBXFileReference; lastKnownFileType = text.plist.xml; path = Info.plist; sourceTree = "<group>"; };
/* End PBXFileReference section */

/* Begin PBXFrameworksBuildPhase section */
		FFE8B8B01FA1D55900DE36DF /* Frameworks */ = {
			isa = PBXFrameworksBuildPhase;
			buildActionMask = 2147483647;
			files = (
			);
			runOnlyForDeploymentPostprocessing = 0;
		};
/* End PBXFrameworksBuildPhase section */

/* Begin PBXGroup section */
		FFE8B8AA1FA1D55900DE36DF = {
			isa = PBXGroup;
			children = (
				FFE8B8B51FA1D55900DE36DF /* TestDispatch */,
				FFE8B8B41FA1D55900DE36DF /* Products */,
			);
			sourceTree = "<group>";
		};
		FFE8B8B41FA1D55900DE36DF /* Products */ = {
			isa = PBXGroup;
			children = (
				FFE8B8B31FA1D55900DE36DF /* TestDispatch.app */,
			);
			name = Products;
			sourceTree = "<group>";
		};
		FFE8B8B51FA1D55900DE36DF /* TestDispatch */ = {
			isa = PBXGroup;
			children = (
				FFE8B8B61FA1D55900DE36DF /* AppDelegate.swift */,
				FFE8B8B81FA1D55900DE36DF /* ViewController.swift */,
				FFE8B8BA1FA1D55900DE36DF /* Main.storyboard */,
				FFE8B8BD1FA1D55900DE36DF /* Assets.xcassets */,
				FFE8B8BF1FA1D55900DE36DF /* LaunchScreen.storyboard */,
				FFE8B8C21FA1D55900DE36DF /* Info.plist */,
			);
			path = TestDispatch;
			sourceTree = "<group>";
		};
/* End PBXGroup section */

/* Begin PBXNativeTarget section */
		FFE8B8B21FA1D55900DE36DF /* TestDispatch */ = {
			isa = PBXNativeTarget;
			buildConfigurationList = FFE8B8C51FA1D55900DE36DF /* Build configuration list for PBXNativeTarget "TestDispatch" */;
			buildPhases = (
				FFE8B8AF1FA1D55900DE36DF /* Sources */,
				FFE8B8B01FA1D55900DE36DF /* Frameworks */,
				FFE8B8B11FA1D55900DE36DF /* Resources */,
			);
			buildRules = (
			);
			dependencies = (
			);
			name = TestDispatch;
			productName = TestDispatch;
			productReference = FFE8B8B31FA1D55900DE36DF /* TestDispatch.app */;
			productType = "com.apple.product-type.application";
		};
/* End PBXNativeTarget section */

/* Begin PBXProject section */
		FFE8B8AB1FA1D55900DE36DF /* Project object */ = {
			isa = PBXProject;
			attributes = {
				LastSwiftUpdateCheck = 0900;
				LastUpgradeCheck = 0900;
				ORGANIZATIONNAME = "蔺国防";
				TargetAttributes = {
					FFE8B8B21FA1D55900DE36DF = {
						CreatedOnToolsVersion = 9.0;
						ProvisioningStyle = Automatic;
					};
				};
			};
			buildConfigurationList = FFE8B8AE1FA1D55900DE36DF /* Build configuration list for PBXProject "TestDispatch" */;
			compatibilityVersion = "Xcode 8.0";
			developmentRegion = en;
			hasScannedForEncodings = 0;
			knownRegions = (
				en,
				Base,
			);
			mainGroup = FFE8B8AA1FA1D55900DE36DF;
			productRefGroup = FFE8B8B41FA1D55900DE36DF /* Products */;
			projectDirPath = "";
			projectRoot = "";
			targets = (
				FFE8B8B21FA1D55900DE36DF /* TestDispatch */,
			);
		};
/* End PBXProject section */

/* Begin PBXResourcesBuildPhase section */
		FFE8B8B11FA1D55900DE36DF /* Resources */ = {
			isa = PBXResourcesBuildPhase;
			buildActionMask = 2147483647;
			files = (
				FFE8B8C11FA1D55900DE36DF /* LaunchScreen.storyboard in Resources */,
				FFE8B8BE1FA1D55900DE36DF /* Assets.xcassets in Resources */,
				FFE8B8BC1FA1D55900DE36DF /* Main.storyboard in Resources */,
			);
			runOnlyForDeploymentPostprocessing = 0;
		};
/* End PBXResourcesBuildPhase section */

/* Begin PBXSourcesBuildPhase section */
		FFE8B8AF1FA1D55900DE36DF /* Sources */ = {
			isa = PBXSourcesBuildPhase;
			buildActionMask = 2147483647;
			files = (
				FFE8B8B91FA1D55900DE36DF /* ViewController.swift in Sources */,
				FFE8B8B71FA1D55900DE36DF /* AppDelegate.swift in Sources */,
			);
			runOnlyForDeploymentPostprocessing = 0;
		};
/* End PBXSourcesBuildPhase section */

/* Begin PBXVariantGroup section */
		FFE8B8BA1FA1D55900DE36DF /* Main.storyboard */ = {
			isa = PBXVariantGroup;
			children = (
				FFE8B8BB1FA1D55900DE36DF /* Base */,
			);
			name = Main.storyboard;
			sourceTree = "<group>";
		};
		FFE8B8BF1FA1D55900DE36DF /* LaunchScreen.storyboard */ = {
			isa = PBXVariantGroup;
			children = (
				FFE8B8C01FA1D55900DE36DF /* Base */,
			);
			name = LaunchScreen.storyboard;
			sourceTree = "<group>";
		};
/* End PBXVariantGroup section */

/* Begin XCBuildConfiguration section */
		FFE8B8C31FA1D55900DE36DF /* Debug */ = {
			isa = XCBuildConfiguration;
			buildSettings = {
				ALWAYS_SEARCH_USER_PATHS = NO;
				CLANG_ANALYZER_NONNULL = YES;
				CLANG_ANALYZER_NUMBER_OBJECT_CONVERSION = YES_AGGRESSIVE;
				CLANG_CXX_LANGUAGE_STANDARD = "gnu++14";
				CLANG_CXX_LIBRARY = "libc++";
				CLANG_ENABLE_MODULES = YES;
				CLANG_ENABLE_OBJC_ARC = YES;
				CLANG_WARN_BLOCK_CAPTURE_AUTORELEASING = YES;
				CLANG_WARN_BOOL_CONVERSION = YES;
				CLANG_WARN_COMMA = YES;
				CLANG_WARN_CONSTANT_CONVERSION = YES;
				CLANG_WARN_DIRECT_OBJC_ISA_USAGE = YES_ERROR;
				CLANG_WARN_DOCUMENTATION_COMMENTS = YES;
				CLANG_WARN_EMPTY_BODY = YES;
				CLANG_WARN_ENUM_CONVERSION = YES;
				CLANG_WARN_INFINITE_RECURSION = YES;
				CLANG_WARN_INT_CONVERSION = YES;
				CLANG_WARN_NON_LITERAL_NULL_CONVERSION = YES;
				CLANG_WARN_OBJC_LITERAL_CONVERSION = YES;
				CLANG_WARN_OBJC_ROOT_CLASS = YES_ERROR;
				CLANG_WARN_RANGE_LOOP_ANALYSIS = YES;
				CLANG_WARN_STRICT_PROTOTYPES = YES;
				CLANG_WARN_SUSPICIOUS_MOVE = YES;
				CLANG_WARN_UNGUARDED_AVAILABILITY = YES_AGGRESSIVE;
				CLANG_WARN_UNREACHABLE_CODE = YES;
				CLANG_WARN__DUPLICATE_METHOD_MATCH = YES;
				CODE_SIGN_IDENTITY = "iPhone Developer";
				COPY_PHASE_STRIP = NO;
				DEBUG_INFORMATION_FORMAT = dwarf;
				ENABLE_STRICT_OBJC_MSGSEND = YES;
				ENABLE_TESTABILITY = YES;
				GCC_C_LANGUAGE_STANDARD = gnu11;
				GCC_DYNAMIC_NO_PIC = NO;
				GCC_NO_COMMON_BLOCKS = YES;
				GCC_OPTIMIZATION_LEVEL = 0;
				GCC_PREPROCESSOR_DEFINITIONS = (
					"DEBUG=1",
					"$(inherited)",
				);
				GCC_WARN_64_TO_32_BIT_CONVERSION = YES;
				GCC_WARN_ABOUT_RETURN_TYPE = YES_ERROR;
				GCC_WARN_UNDECLARED_SELECTOR = YES;
				GCC_WARN_UNINITIALIZED_AUTOS = YES_AGGRESSIVE;
				GCC_WARN_UNUSED_FUNCTION = YES;
				GCC_WARN_UNUSED_VARIABLE = YES;
				IPHONEOS_DEPLOYMENT_TARGET = 11.0;
				MTL_ENABLE_DEBUG_INFO = YES;
				ONLY_ACTIVE_ARCH = YES;
				SDKROOT = iphoneos;
				SWIFT_ACTIVE_COMPILATION_CONDITIONS = DEBUG;
				SWIFT_OPTIMIZATION_LEVEL = "-Onone";
			};
			name = Debug;
		};
		FFE8B8C41FA1D55900DE36DF /* Release */ = {
			isa = XCBuildConfiguration;
			buildSettings = {
				ALWAYS_SEARCH_USER_PATHS = NO;
				CLANG_ANALYZER_NONNULL = YES;
				CLANG_ANALYZER_NUMBER_OBJECT_CONVERSION = YES_AGGRESSIVE;
				CLANG_CXX_LANGUAGE_STANDARD = "gnu++14";
				CLANG_CXX_LIBRARY = "libc++";
				CLANG_ENABLE_MODULES = YES;
				CLANG_ENABLE_OBJC_ARC = YES;
				CLANG_WARN_BLOCK_CAPTURE_AUTORELEASING = YES;
				CLANG_WARN_BOOL_CONVERSION = YES;
				CLANG_WARN_COMMA = YES;
				CLANG_WARN_CONSTANT_CONVERSION = YES;
				CLANG_WARN_DIRECT_OBJC_ISA_USAGE = YES_ERROR;
				CLANG_WARN_DOCUMENTATION_COMMENTS = YES;
				CLANG_WARN_EMPTY_BODY = YES;
				CLANG_WARN_ENUM_CONVERSION = YES;
				CLANG_WARN_INFINITE_RECURSION = YES;
				CLANG_WARN_INT_CONVERSION = YES;
				CLANG_WARN_NON_LITERAL_NULL_CONVERSION = YES;
				CLANG_WARN_OBJC_LITERAL_CONVERSION = YES;
				CLANG_WARN_OBJC_ROOT_CLASS = YES_ERROR;
				CLANG_WARN_RANGE_LOOP_ANALYSIS = YES;
				CLANG_WARN_STRICT_PROTOTYPES = YES;
				CLANG_WARN_SUSPICIOUS_MOVE = YES;
				CLANG_WARN_UNGUARDED_AVAILABILITY = YES_AGGRESSIVE;
				CLANG_WARN_UNREACHABLE_CODE = YES;
				CLANG_WARN__DUPLICATE_METHOD_MATCH = YES;
				CODE_SIGN_IDENTITY = "iPhone Developer";
				COPY_PHASE_STRIP = NO;
				DEBUG_INFORMATION_FORMAT = "dwarf-with-dsym";
				ENABLE_NS_ASSERTIONS = NO;
				ENABLE_STRICT_OBJC_MSGSEND = YES;
				GCC_C_LANGUAGE_STANDARD = gnu11;
				GCC_NO_COMMON_BLOCKS = YES;
				GCC_WARN_64_TO_32_BIT_CONVERSION = YES;
				GCC_WARN_ABOUT_RETURN_TYPE = YES_ERROR;
				GCC_WARN_UNDECLARED_SELECTOR = YES;
				GCC_WARN_UNINITIALIZED_AUTOS = YES_AGGRESSIVE;
				GCC_WARN_UNUSED_FUNCTION = YES;
				GCC_WARN_UNUSED_VARIABLE = YES;
				IPHONEOS_DEPLOYMENT_TARGET = 11.0;
				MTL_ENABLE_DEBUG_INFO = NO;
				SDKROOT = iphoneos;
				SWIFT_OPTIMIZATION_LEVEL = "-Owholemodule";
				VALIDATE_PRODUCT = YES;
			};
			name = Release;
		};
		FFE8B8C61FA1D55900DE36DF /* Debug */ = {
			isa = XCBuildConfiguration;
			buildSettings = {
				ASSETCATALOG_COMPILER_APPICON_NAME = AppIcon;
				CODE_SIGN_STYLE = Automatic;
				INFOPLIST_FILE = TestDispatch/Info.plist;
				LD_RUNPATH_SEARCH_PATHS = "$(inherited) @executable_path/Frameworks";
				PRODUCT_BUNDLE_IDENTIFIER = com.gxyj.TestDispatch;
				PRODUCT_NAME = "$(TARGET_NAME)";
				SWIFT_VERSION = 4.0;
				TARGETED_DEVICE_FAMILY = "1,2";
			};
			name = Debug;
		};
		FFE8B8C71FA1D55900DE36DF /* Release */ = {
			isa = XCBuildConfiguration;
			buildSettings = {
				ASSETCATALOG_COMPILER_APPICON_NAME = AppIcon;
				CODE_SIGN_STYLE = Automatic;
				INFOPLIST_FILE = TestDispatch/Info.plist;
				LD_RUNPATH_SEARCH_PATHS = "$(inherited) @executable_path/Frameworks";
				PRODUCT_BUNDLE_IDENTIFIER = com.gxyj.TestDispatch;
				PRODUCT_NAME = "$(TARGET_NAME)";
				SWIFT_VERSION = 4.0;
				TARGETED_DEVICE_FAMILY = "1,2";
			};
			name = Release;
		};
/* End XCBuildConfiguration section */

/* Begin XCConfigurationList section */
		FFE8B8AE1FA1D55900DE36DF /* Build configuration list for PBXProject "TestDispatch" */ = {
			isa = XCConfigurationList;
			buildConfigurations = (
				FFE8B8C31FA1D55900DE36DF /* Debug */,
				FFE8B8C41FA1D55900DE36DF /* Release */,
			);
			defaultConfigurationIsVisible = 0;
			defaultConfigurationName = Release;
		};
		FFE8B8C51FA1D55900DE36DF /* Build configuration list for PBXNativeTarget "TestDispatch" */ = {
			isa = XCConfigurationList;
			buildConfigurations = (
				FFE8B8C61FA1D55900DE36DF /* Debug */,
				FFE8B8C71FA1D55900DE36DF /* Release */,
			);
			defaultConfigurationIsVisible = 0;
			defaultConfigurationName = Release;
		};
/* End XCConfigurationList section */
	};
	rootObject = FFE8B8AB1FA1D55900DE36DF /* Project object */;
}
